{
  "name": "@cylbot/cyldiscordbottypes",
  "version": "1.0.0",
  "lockfileVersion": 1,
  "requires": true,
  "dependencies": {
    "@cylbot/cyldiscordbotlanguage": {
      "version": "2.0.1",
      "resolved": "https://registry.npmjs.org/@cylbot/cyldiscordbotlanguage/-/cyldiscordbotlanguage-2.0.1.tgz",
      "integrity": "sha512-qKL+5KWy4nrmfeABUlXkOU4z9y9AFRcad4C2qP+YeOCoqCySB+M2XXAo550lGae9Z39uGRpQX7qrgdy2X9VX5w==",
      "requires": {
        "typescript": "^4.5.5"
      }
    },
    "typescript": {
      "version": "4.5.5",
      "resolved": "https://registry.npmjs.org/typescript/-/typescript-4.5.5.tgz",
      "integrity": "sha512-TCTIul70LyWe6IJWT8QSYeA54WQe8EjQFU4wY52Fasj5UKx88LNYKCgBEHcOMOrFF1rKGbD8v/xcNWVUq9SymA=="
    }
  }
}
